
Microsoft Visual Studio Solution File, Format Version 12.00
# Visual Studio Version 17
VisualStudioVersion = 17.0.32126.317
MinimumVisualStudioVersion = 10.0.40219.1
Project("{FAE04EC0-301F-11D3-BF4B-00C04F79EFBC}") = "WebApplication1", "WebApplication1\WebApplication1.csproj", "{12093EB3-4D04-4B94-840A-7EBC66002DEE}"
EndProject
Global
	GlobalSection(SolutionConfigurationPlatforms) = preSolution
		Debug|Any CPU = Debug|Any CPU
		Release|Any CPU = Release|Any CPU
	EndGlobalSection
	GlobalSection(ProjectConfigurationPlatforms) = postSolution
		{12093EB3-4D04-4B94-840A-7EBC66002DEE}.Debug|Any CPU.ActiveCfg = Debug|Any CPU
		{12093EB3-4D04-4B94-840A-7EBC66002DEE}.Debug|Any CPU.Build.0 = Debug|Any CPU
		{12093EB3-4D04-4B94-840A-7EBC66002DEE}.Release|Any CPU.ActiveCfg = Release|Any CPU
		{12093EB3-4D04-4B94-840A-7EBC66002DEE}.Release|Any CPU.Build.0 = Release|Any CPU
	EndGlobalSection
	GlobalSection(SolutionProperties) = preSolution
		HideSolutionNode = FALSE
	EndGlobalSection
	GlobalSection(ExtensibilityGlobals) = postSolution
		SolutionGuid = {86EE54B0-2B78-4DE4-9E39-A7D240CB9EA3}
	EndGlobalSection
EndGlobal
