
Microsoft Visual Studio Solution File, Format Version 12.00
# Visual Studio Version 17
VisualStudioVersion = 17.1.32319.34
MinimumVisualStudioVersion = 10.0.40219.1
Project("{FAE04EC0-301F-11D3-BF4B-00C04F79EFBC}") = "WSC2019Session1_WebAPI", "WSC2019Session1_WebAPI\WSC2019Session1_WebAPI.csproj", "{EF09A953-6371-4CBC-91F6-FA28622B5F0E}"
EndProject
Global
	GlobalSection(SolutionConfigurationPlatforms) = preSolution
		Debug|Any CPU = Debug|Any CPU
		Release|Any CPU = Release|Any CPU
	EndGlobalSection
	GlobalSection(ProjectConfigurationPlatforms) = postSolution
		{EF09A953-6371-4CBC-91F6-FA28622B5F0E}.Debug|Any CPU.ActiveCfg = Debug|Any CPU
		{EF09A953-6371-4CBC-91F6-FA28622B5F0E}.Debug|Any CPU.Build.0 = Debug|Any CPU
		{EF09A953-6371-4CBC-91F6-FA28622B5F0E}.Release|Any CPU.ActiveCfg = Release|Any CPU
		{EF09A953-6371-4CBC-91F6-FA28622B5F0E}.Release|Any CPU.Build.0 = Release|Any CPU
	EndGlobalSection
	GlobalSection(SolutionProperties) = preSolution
		HideSolutionNode = FALSE
	EndGlobalSection
	GlobalSection(ExtensibilityGlobals) = postSolution
		SolutionGuid = {FC0037CA-7475-49FB-B060-0888C98BFCF0}
	EndGlobalSection
EndGlobal
